
Microsoft Visual Studio Solution File, Format Version 12.00
# Visual Studio 14
VisualStudioVersion = 14.0.24720.0
MinimumVisualStudioVersion = 10.0.40219.1
Project("{FAE04EC0-301F-11D3-BF4B-00C04F79EFBC}") = "ModLoader", "ModLoader\ModLoader.csproj", "{975AD54A-4D46-4028-8BFB-E847C527C409}"
EndProject
Project("{FAE04EC0-301F-11D3-BF4B-00C04F79EFBC}") = "ModLoader Injector", "ModLoader Injector\ModLoader Injector.csproj", "{E3D04FF6-6B92-43C3-AB91-EA50FB3AD312}"
EndProject
Project("{FAE04EC0-301F-11D3-BF4B-00C04F79EFBC}") = "ModLoader Installer", "ModLoader Installer\ModLoader Installer.csproj", "{407F9E95-8BA7-41FF-95FA-B520F132BF66}"
EndProject
Project("{FAE04EC0-301F-11D3-BF4B-00C04F79EFBC}") = "DebugHelper", "DebugHelper\DebugHelper.csproj", "{0BB3E18B-15D9-4EC4-A1C6-08EAF4C75F0C}"
EndProject
Global
	GlobalSection(SolutionConfigurationPlatforms) = preSolution
		Debug|Any CPU = Debug|Any CPU
		DebugDeveloper|Any CPU = DebugDeveloper|Any CPU
		Release|Any CPU = Release|Any CPU
		ReleaseDeveloper|Any CPU = ReleaseDeveloper|Any CPU
	EndGlobalSection
	GlobalSection(ProjectConfigurationPlatforms) = postSolution
		{975AD54A-4D46-4028-8BFB-E847C527C409}.Debug|Any CPU.ActiveCfg = Debug|Any CPU
		{975AD54A-4D46-4028-8BFB-E847C527C409}.Debug|Any CPU.Build.0 = Debug|Any CPU
		{975AD54A-4D46-4028-8BFB-E847C527C409}.DebugDeveloper|Any CPU.ActiveCfg = DebugDeveloper|Any CPU
		{975AD54A-4D46-4028-8BFB-E847C527C409}.DebugDeveloper|Any CPU.Build.0 = DebugDeveloper|Any CPU
		{975AD54A-4D46-4028-8BFB-E847C527C409}.Release|Any CPU.ActiveCfg = Release|Any CPU
		{975AD54A-4D46-4028-8BFB-E847C527C409}.Release|Any CPU.Build.0 = Release|Any CPU
		{975AD54A-4D46-4028-8BFB-E847C527C409}.ReleaseDeveloper|Any CPU.ActiveCfg = ReleaseDeveloper|Any CPU
		{975AD54A-4D46-4028-8BFB-E847C527C409}.ReleaseDeveloper|Any CPU.Build.0 = ReleaseDeveloper|Any CPU
		{E3D04FF6-6B92-43C3-AB91-EA50FB3AD312}.Debug|Any CPU.ActiveCfg = Debug|Any CPU
		{E3D04FF6-6B92-43C3-AB91-EA50FB3AD312}.Debug|Any CPU.Build.0 = Debug|Any CPU
		{E3D04FF6-6B92-43C3-AB91-EA50FB3AD312}.DebugDeveloper|Any CPU.ActiveCfg = Debug|Any CPU
		{E3D04FF6-6B92-43C3-AB91-EA50FB3AD312}.DebugDeveloper|Any CPU.Build.0 = Debug|Any CPU
		{E3D04FF6-6B92-43C3-AB91-EA50FB3AD312}.Release|Any CPU.ActiveCfg = Release|Any CPU
		{E3D04FF6-6B92-43C3-AB91-EA50FB3AD312}.Release|Any CPU.Build.0 = Release|Any CPU
		{E3D04FF6-6B92-43C3-AB91-EA50FB3AD312}.ReleaseDeveloper|Any CPU.ActiveCfg = Release|Any CPU
		{E3D04FF6-6B92-43C3-AB91-EA50FB3AD312}.ReleaseDeveloper|Any CPU.Build.0 = Release|Any CPU
		{407F9E95-8BA7-41FF-95FA-B520F132BF66}.Debug|Any CPU.ActiveCfg = Debug|Any CPU
		{407F9E95-8BA7-41FF-95FA-B520F132BF66}.Debug|Any CPU.Build.0 = Debug|Any CPU
		{407F9E95-8BA7-41FF-95FA-B520F132BF66}.DebugDeveloper|Any CPU.ActiveCfg = Debug|Any CPU
		{407F9E95-8BA7-41FF-95FA-B520F132BF66}.DebugDeveloper|Any CPU.Build.0 = Debug|Any CPU
		{407F9E95-8BA7-41FF-95FA-B520F132BF66}.Release|Any CPU.ActiveCfg = Release|Any CPU
		{407F9E95-8BA7-41FF-95FA-B520F132BF66}.Release|Any CPU.Build.0 = Release|Any CPU
		{407F9E95-8BA7-41FF-95FA-B520F132BF66}.ReleaseDeveloper|Any CPU.ActiveCfg = Release|Any CPU
		{407F9E95-8BA7-41FF-95FA-B520F132BF66}.ReleaseDeveloper|Any CPU.Build.0 = Release|Any CPU
		{0BB3E18B-15D9-4EC4-A1C6-08EAF4C75F0C}.Debug|Any CPU.ActiveCfg = Debug|Any CPU
		{0BB3E18B-15D9-4EC4-A1C6-08EAF4C75F0C}.Debug|Any CPU.Build.0 = Debug|Any CPU
		{0BB3E18B-15D9-4EC4-A1C6-08EAF4C75F0C}.DebugDeveloper|Any CPU.ActiveCfg = Debug|Any CPU
		{0BB3E18B-15D9-4EC4-A1C6-08EAF4C75F0C}.DebugDeveloper|Any CPU.Build.0 = Debug|Any CPU
		{0BB3E18B-15D9-4EC4-A1C6-08EAF4C75F0C}.Release|Any CPU.ActiveCfg = Release|Any CPU
		{0BB3E18B-15D9-4EC4-A1C6-08EAF4C75F0C}.Release|Any CPU.Build.0 = Release|Any CPU
		{0BB3E18B-15D9-4EC4-A1C6-08EAF4C75F0C}.ReleaseDeveloper|Any CPU.ActiveCfg = Release|Any CPU
		{0BB3E18B-15D9-4EC4-A1C6-08EAF4C75F0C}.ReleaseDeveloper|Any CPU.Build.0 = Release|Any CPU
	EndGlobalSection
	GlobalSection(SolutionProperties) = preSolution
		HideSolutionNode = FALSE
	EndGlobalSection
EndGlobal
